
Microsoft Visual Studio Solution File, Format Version 12.00
# Visual Studio Version 16
VisualStudioVersion = 16.0.29709.97
MinimumVisualStudioVersion = 10.0.40219.1
Project("{FAE04EC0-301F-11D3-BF4B-00C04F79EFBC}") = "Lab2", "Lab2.csproj", "{93142B70-4F58-4B69-8EA8-067AFDB08AED}"
EndProject
Global
	GlobalSection(SolutionConfigurationPlatforms) = preSolution
		Debug|Any CPU = Debug|Any CPU
		Release|Any CPU = Release|Any CPU
	EndGlobalSection
	GlobalSection(ProjectConfigurationPlatforms) = postSolution
		{93142B70-4F58-4B69-8EA8-067AFDB08AED}.Debug|Any CPU.ActiveCfg = Debug|Any CPU
		{93142B70-4F58-4B69-8EA8-067AFDB08AED}.Debug|Any CPU.Build.0 = Debug|Any CPU
		{93142B70-4F58-4B69-8EA8-067AFDB08AED}.Release|Any CPU.ActiveCfg = Release|Any CPU
		{93142B70-4F58-4B69-8EA8-067AFDB08AED}.Release|Any CPU.Build.0 = Release|Any CPU
	EndGlobalSection
	GlobalSection(SolutionProperties) = preSolution
		HideSolutionNode = FALSE
	EndGlobalSection
	GlobalSection(ExtensibilityGlobals) = postSolution
		SolutionGuid = {BAB4A463-8AD3-4174-B77D-BAA40D6AC3A2}
	EndGlobalSection
EndGlobal
